// !$*UTF8*$!
{
	archiveVersion = 1;
	classes = {
	};
	objectVersion = 46;
	objects = {

/* Begin PBXBuildFile section */
		F51B11851AE89F4F001BB9E4 /* AppDelegate.swift in Sources */ = {isa = PBXBuildFile; fileRef = F51B11841AE89F4F001BB9E4 /* AppDelegate.swift */; };
		F51B11871AE89F4F001BB9E4 /* ViewController.swift in Sources */ = {isa = PBXBuildFile; fileRef = F51B11861AE89F4F001BB9E4 /* ViewController.swift */; };
		F51B118A1AE89F4F001BB9E4 /* Main.storyboard in Resources */ = {isa = PBXBuildFile; fileRef = F51B11881AE89F4F001BB9E4 /* Main.storyboard */; };
		F51B118C1AE89F4F001BB9E4 /* Images.xcassets in Resources */ = {isa = PBXBuildFile; fileRef = F51B118B1AE89F4F001BB9E4 /* Images.xcassets */; };
		F51B118F1AE89F50001BB9E4 /* LaunchScreen.xib in Resources */ = {isa = PBXBuildFile; fileRef = F51B118D1AE89F50001BB9E4 /* LaunchScreen.xib */; };
		F51B119B1AE89F50001BB9E4 /* tableTestTests.swift in Sources */ = {isa = PBXBuildFile; fileRef = F51B119A1AE89F50001BB9E4 /* tableTestTests.swift */; };
/* End PBXBuildFile section */

/* Begin PBXContainerItemProxy section */
		F51B11951AE89F50001BB9E4 /* PBXContainerItemProxy */ = {
			isa = PBXContainerItemProxy;
			containerPortal = F51B11771AE89F4F001BB9E4 /* Project object */;
			proxyType = 1;
			remoteGlobalIDString = F51B117E1AE89F4F001BB9E4;
			remoteInfo = tableTest;
		};
/* End PBXContainerItemProxy section */

/* Begin PBXFileReference section */
		F51B117F1AE89F4F001BB9E4 /* tableTest.app */ = {isa = PBXFileReference; explicitFileType = wrapper.application; includeInIndex = 0; path = tableTest.app; sourceTree = BUILT_PRODUCTS_DIR; };
		F51B11831AE89F4F001BB9E4 /* Info.plist */ = {isa = PBXFileReference; lastKnownFileType = text.plist.xml; path = Info.plist; sourceTree = "<group>"; };
		F51B11841AE89F4F001BB9E4 /* AppDelegate.swift */ = {isa = PBXFileReference; lastKnownFileType = sourcecode.swift; path = AppDelegate.swift; sourceTree = "<group>"; };
		F51B11861AE89F4F001BB9E4 /* ViewController.swift */ = {isa = PBXFileReference; lastKnownFileType = sourcecode.swift; path = ViewController.swift; sourceTree = "<group>"; };
		F51B11891AE89F4F001BB9E4 /* Base */ = {isa = PBXFileReference; lastKnownFileType = file.storyboard; name = Base; path = Base.lproj/Main.storyboard; sourceTree = "<group>"; };
		F51B118B1AE89F4F001BB9E4 /* Images.xcassets */ = {isa = PBXFileReference; lastKnownFileType = folder.assetcatalog; path = Images.xcassets; sourceTree = "<group>"; };
		F51B118E1AE89F50001BB9E4 /* Base */ = {isa = PBXFileReference; lastKnownFileType = file.xib; name = Base; path = Base.lproj/LaunchScreen.xib; sourceTree = "<group>"; };
		F51B11941AE89F50001BB9E4 /* tableTestTests.xctest */ = {isa = PBXFileReference; explicitFileType = wrapper.cfbundle; includeInIndex = 0; path = tableTestTests.xctest; sourceTree = BUILT_PRODUCTS_DIR; };
		F51B11991AE89F50001BB9E4 /* Info.plist */ = {isa = PBXFileReference; lastKnownFileType = text.plist.xml; path = Info.plist; sourceTree = "<group>"; };
		F51B119A1AE89F50001BB9E4 /* tableTestTests.swift */ = {isa = PBXFileReference; lastKnownFileType = sourcecode.swift; path = tableTestTests.swift; sourceTree = "<group>"; };
/* End PBXFileReference section */

/* Begin PBXFrameworksBuildPhase section */
		F51B117C1AE89F4F001BB9E4 /* Frameworks */ = {
			isa = PBXFrameworksBuildPhase;
			buildActionMask = 2147483647;
			files = (
			);
			runOnlyForDeploymentPostprocessing = 0;
		};
		F51B11911AE89F50001BB9E4 /* Frameworks */ = {
			isa = PBXFrameworksBuildPhase;
			buildActionMask = 2147483647;
			files = (
			);
			runOnlyForDeploymentPostprocessing = 0;
		};
/* End PBXFrameworksBuildPhase section */

/* Begin PBXGroup section */
		F51B11761AE89F4F001BB9E4 = {
			isa = PBXGroup;
			children = (
				F51B11811AE89F4F001BB9E4 /* tableTest */,
				F51B11971AE89F50001BB9E4 /* tableTestTests */,
				F51B11801AE89F4F001BB9E4 /* Products */,
			);
			sourceTree = "<group>";
		};
		F51B11801AE89F4F001BB9E4 /* Products */ = {
			isa = PBXGroup;
			children = (
				F51B117F1AE89F4F001BB9E4 /* tableTest.app */,
				F51B11941AE89F50001BB9E4 /* tableTestTests.xctest */,
			);
			name = Products;
			sourceTree = "<group>";
		};
		F51B11811AE89F4F001BB9E4 /* tableTest */ = {
			isa = PBXGroup;
			children = (
				F51B11841AE89F4F001BB9E4 /* AppDelegate.swift */,
				F51B11861AE89F4F001BB9E4 /* ViewController.swift */,
				F51B11881AE89F4F001BB9E4 /* Main.storyboard */,
				F51B118B1AE89F4F001BB9E4 /* Images.xcassets */,
				F51B118D1AE89F50001BB9E4 /* LaunchScreen.xib */,
				F51B11821AE89F4F001BB9E4 /* Supporting Files */,
			);
			path = tableTest;
			sourceTree = "<group>";
		};
		F51B11821AE89F4F001BB9E4 /* Supporting Files */ = {
			isa = PBXGroup;
			children = (
				F51B11831AE89F4F001BB9E4 /* Info.plist */,
			);
			name = "Supporting Files";
			sourceTree = "<group>";
		};
		F51B11971AE89F50001BB9E4 /* tableTestTests */ = {
			isa = PBXGroup;
			children = (
				F51B119A1AE89F50001BB9E4 /* tableTestTests.swift */,
				F51B11981AE89F50001BB9E4 /* Supporting Files */,
			);
			path = tableTestTests;
			sourceTree = "<group>";
		};
		F51B11981AE89F50001BB9E4 /* Supporting Files */ = {
			isa = PBXGroup;
			children = (
				F51B11991AE89F50001BB9E4 /* Info.plist */,
			);
			name = "Supporting Files";
			sourceTree = "<group>";
		};
/* End PBXGroup section */

/* Begin PBXNativeTarget section */
		F51B117E1AE89F4F001BB9E4 /* tableTest */ = {
			isa = PBXNativeTarget;
			buildConfigurationList = F51B119E1AE89F50001BB9E4 /* Build configuration list for PBXNativeTarget "tableTest" */;
			buildPhases = (
				F51B117B1AE89F4F001BB9E4 /* Sources */,
				F51B117C1AE89F4F001BB9E4 /* Frameworks */,
				F51B117D1AE89F4F001BB9E4 /* Resources */,
			);
			buildRules = (
			);
			dependencies = (
			);
			name = tableTest;
			productName = tableTest;
			productReference = F51B117F1AE89F4F001BB9E4 /* tableTest.app */;
			productType = "com.apple.product-type.application";
		};
		F51B11931AE89F50001BB9E4 /* tableTestTests */ = {
			isa = PBXNativeTarget;
			buildConfigurationList = F51B11A11AE89F50001BB9E4 /* Build configuration list for PBXNativeTarget "tableTestTests" */;
			buildPhases = (
				F51B11901AE89F50001BB9E4 /* Sources */,
				F51B11911AE89F50001BB9E4 /* Frameworks */,
				F51B11921AE89F50001BB9E4 /* Resources */,
			);
			buildRules = (
			);
			dependencies = (
				F51B11961AE89F50001BB9E4 /* PBXTargetDependency */,
			);
			name = tableTestTests;
			productName = tableTestTests;
			productReference = F51B11941AE89F50001BB9E4 /* tableTestTests.xctest */;
			productType = "com.apple.product-type.bundle.unit-test";
		};
/* End PBXNativeTarget section */

/* Begin PBXProject section */
		F51B11771AE89F4F001BB9E4 /* Project object */ = {
			isa = PBXProject;
			attributes = {
				LastUpgradeCheck = 0630;
				ORGANIZATIONNAME = "Chris McGrath";
				TargetAttributes = {
					F51B117E1AE89F4F001BB9E4 = {
						CreatedOnToolsVersion = 6.3.1;
					};
					F51B11931AE89F50001BB9E4 = {
						CreatedOnToolsVersion = 6.3.1;
						TestTargetID = F51B117E1AE89F4F001BB9E4;
					};
				};
			};
			buildConfigurationList = F51B117A1AE89F4F001BB9E4 /* Build configuration list for PBXProject "tableTest" */;
			compatibilityVersion = "Xcode 3.2";
			developmentRegion = English;
			hasScannedForEncodings = 0;
			knownRegions = (
				en,
				Base,
			);
			mainGroup = F51B11761AE89F4F001BB9E4;
			productRefGroup = F51B11801AE89F4F001BB9E4 /* Products */;
			projectDirPath = "";
			projectRoot = "";
			targets = (
				F51B117E1AE89F4F001BB9E4 /* tableTest */,
				F51B11931AE89F50001BB9E4 /* tableTestTests */,
			);
		};
/* End PBXProject section */

/* Begin PBXResourcesBuildPhase section */
		F51B117D1AE89F4F001BB9E4 /* Resources */ = {
			isa = PBXResourcesBuildPhase;
			buildActionMask = 2147483647;
			files = (
				F51B118A1AE89F4F001BB9E4 /* Main.storyboard in Resources */,
				F51B118F1AE89F50001BB9E4 /* LaunchScreen.xib in Resources */,
				F51B118C1AE89F4F001BB9E4 /* Images.xcassets in Resources */,
			);
			runOnlyForDeploymentPostprocessing = 0;
		};
		F51B11921AE89F50001BB9E4 /* Resources */ = {
			isa = PBXResourcesBuildPhase;
			buildActionMask = 2147483647;
			files = (
			);
			runOnlyForDeploymentPostprocessing = 0;
		};
/* End PBXResourcesBuildPhase section */

/* Begin PBXSourcesBuildPhase section */
		F51B117B1AE89F4F001BB9E4 /* Sources */ = {
			isa = PBXSourcesBuildPhase;
			buildActionMask = 2147483647;
			files = (
				F51B11871AE89F4F001BB9E4 /* ViewController.swift in Sources */,
				F51B11851AE89F4F001BB9E4 /* AppDelegate.swift in Sources */,
			);
			runOnlyForDeploymentPostprocessing = 0;
		};
		F51B11901AE89F50001BB9E4 /* Sources */ = {
			isa = PBXSourcesBuildPhase;
			buildActionMask = 2147483647;
			files = (
				F51B119B1AE89F50001BB9E4 /* tableTestTests.swift in Sources */,
			);
			runOnlyForDeploymentPostprocessing = 0;
		};
/* End PBXSourcesBuildPhase section */

/* Begin PBXTargetDependency section */
		F51B11961AE89F50001BB9E4 /* PBXTargetDependency */ = {
			isa = PBXTargetDependency;
			target = F51B117E1AE89F4F001BB9E4 /* tableTest */;
			targetProxy = F51B11951AE89F50001BB9E4 /* PBXContainerItemProxy */;
		};
/* End PBXTargetDependency section */

/* Begin PBXVariantGroup section */
		F51B11881AE89F4F001BB9E4 /* Main.storyboard */ = {
			isa = PBXVariantGroup;
			children = (
				F51B11891AE89F4F001BB9E4 /* Base */,
			);
			name = Main.storyboard;
			sourceTree = "<group>";
		};
		F51B118D1AE89F50001BB9E4 /* LaunchScreen.xib */ = {
			isa = PBXVariantGroup;
			children = (
				F51B118E1AE89F50001BB9E4 /* Base */,
			);
			name = LaunchScreen.xib;
			sourceTree = "<group>";
		};
/* End PBXVariantGroup section */

/* Begin XCBuildConfiguration section */
		F51B119C1AE89F50001BB9E4 /* Debug */ = {
			isa = XCBuildConfiguration;
			buildSettings = {
				ALWAYS_SEARCH_USER_PATHS = NO;
				CLANG_CXX_LANGUAGE_STANDARD = "gnu++0x";
				CLANG_CXX_LIBRARY = "libc++";
				CLANG_ENABLE_MODULES = YES;
				CLANG_ENABLE_OBJC_ARC = YES;
				CLANG_WARN_BOOL_CONVERSION = YES;
				CLANG_WARN_CONSTANT_CONVERSION = YES;
				CLANG_WARN_DIRECT_OBJC_ISA_USAGE = YES_ERROR;
				CLANG_WARN_EMPTY_BODY = YES;
				CLANG_WARN_ENUM_CONVERSION = YES;
				CLANG_WARN_INT_CONVERSION = YES;
				CLANG_WARN_OBJC_ROOT_CLASS = YES_ERROR;
				CLANG_WARN_UNREACHABLE_CODE = YES;
				CLANG_WARN__DUPLICATE_METHOD_MATCH = YES;
				"CODE_SIGN_IDENTITY[sdk=iphoneos*]" = "iPhone Developer";
				COPY_PHASE_STRIP = NO;
				DEBUG_INFORMATION_FORMAT = "dwarf-with-dsym";
				ENABLE_STRICT_OBJC_MSGSEND = YES;
				GCC_C_LANGUAGE_STANDARD = gnu99;
				GCC_DYNAMIC_NO_PIC = NO;
				GCC_NO_COMMON_BLOCKS = YES;
				GCC_OPTIMIZATION_LEVEL = 0;
				GCC_PREPROCESSOR_DEFINITIONS = (
					"DEBUG=1",
					"$(inherited)",
				);
				GCC_SYMBOLS_PRIVATE_EXTERN = NO;
				GCC_WARN_64_TO_32_BIT_CONVERSION = YES;
				GCC_WARN_ABOUT_RETURN_TYPE = YES_ERROR;
				GCC_WARN_UNDECLARED_SELECTOR = YES;
				GCC_WARN_UNINITIALIZED_AUTOS = YES_AGGRESSIVE;
				GCC_WARN_UNUSED_FUNCTION = YES;
				GCC_WARN_UNUSED_VARIABLE = YES;
				IPHONEOS_DEPLOYMENT_TARGET = 8.3;
				MTL_ENABLE_DEBUG_INFO = YES;
				ONLY_ACTIVE_ARCH = YES;
				SDKROOT = iphoneos;
				SWIFT_OPTIMIZATION_LEVEL = "-Onone";
			};
			name = Debug;
		};
		F51B119D1AE89F50001BB9E4 /* Release */ = {
			isa = XCBuildConfiguration;
			buildSettings = {
				ALWAYS_SEARCH_USER_PATHS = NO;
				CLANG_CXX_LANGUAGE_STANDARD = "gnu++0x";
				CLANG_CXX_LIBRARY = "libc++";
				CLANG_ENABLE_MODULES = YES;
				CLANG_ENABLE_OBJC_ARC = YES;
				CLANG_WARN_BOOL_CONVERSION = YES;
				CLANG_WARN_CONSTANT_CONVERSION = YES;
				CLANG_WARN_DIRECT_OBJC_ISA_USAGE = YES_ERROR;
				CLANG_WARN_EMPTY_BODY = YES;
				CLANG_WARN_ENUM_CONVERSION = YES;
				CLANG_WARN_INT_CONVERSION = YES;
				CLANG_WARN_OBJC_ROOT_CLASS = YES_ERROR;
				CLANG_WARN_UNREACHABLE_CODE = YES;
				CLANG_WARN__DUPLICATE_METHOD_MATCH = YES;
				"CODE_SIGN_IDENTITY[sdk=iphoneos*]" = "iPhone Developer";
				COPY_PHASE_STRIP = NO;
				DEBUG_INFORMATION_FORMAT = "dwarf-with-dsym";
				ENABLE_NS_ASSERTIONS = NO;
				ENABLE_STRICT_OBJC_MSGSEND = YES;
				GCC_C_LANGUAGE_STANDARD = gnu99;
				GCC_NO_COMMON_BLOCKS = YES;
				GCC_WARN_64_TO_32_BIT_CONVERSION = YES;
				GCC_WARN_ABOUT_RETURN_TYPE = YES_ERROR;
				GCC_WARN_UNDECLARED_SELECTOR = YES;
				GCC_WARN_UNINITIALIZED_AUTOS = YES_AGGRESSIVE;
				GCC_WARN_UNUSED_FUNCTION = YES;
				GCC_WARN_UNUSED_VARIABLE = YES;
				IPHONEOS_DEPLOYMENT_TARGET = 8.3;
				MTL_ENABLE_DEBUG_INFO = NO;
				SDKROOT = iphoneos;
				VALIDATE_PRODUCT = YES;
			};
			name = Release;
		};
		F51B119F1AE89F50001BB9E4 /* Debug */ = {
			isa = XCBuildConfiguration;
			buildSettings = {
				ASSETCATALOG_COMPILER_APPICON_NAME = AppIcon;
				INFOPLIST_FILE = tableTest/Info.plist;
				LD_RUNPATH_SEARCH_PATHS = "$(inherited) @executable_path/Frameworks";
				PRODUCT_NAME = "$(TARGET_NAME)";
			};
			name = Debug;
		};
		F51B11A01AE89F50001BB9E4 /* Release */ = {
			isa = XCBuildConfiguration;
			buildSettings = {
				ASSETCATALOG_COMPILER_APPICON_NAME = AppIcon;
				INFOPLIST_FILE = tableTest/Info.plist;
				LD_RUNPATH_SEARCH_PATHS = "$(inherited) @executable_path/Frameworks";
				PRODUCT_NAME = "$(TARGET_NAME)";
			};
			name = Release;
		};
		F51B11A21AE89F50001BB9E4 /* Debug */ = {
			isa = XCBuildConfiguration;
			buildSettings = {
				BUNDLE_LOADER = "$(TEST_HOST)";
				FRAMEWORK_SEARCH_PATHS = (
					"$(SDKROOT)/Developer/Library/Frameworks",
					"$(inherited)",
				);
				GCC_PREPROCESSOR_DEFINITIONS = (
					"DEBUG=1",
					"$(inherited)",
				);
				INFOPLIST_FILE = tableTestTests/Info.plist;
				LD_RUNPATH_SEARCH_PATHS = "$(inherited) @executable_path/Frameworks @loader_path/Frameworks";
				PRODUCT_NAME = "$(TARGET_NAME)";
				TEST_HOST = "$(BUILT_PRODUCTS_DIR)/tableTest.app/tableTest";
			};
			name = Debug;
		};
		F51B11A31AE89F50001BB9E4 /* Release */ = {
			isa = XCBuildConfiguration;
			buildSettings = {
				BUNDLE_LOADER = "$(TEST_HOST)";
				FRAMEWORK_SEARCH_PATHS = (
					"$(SDKROOT)/Developer/Library/Frameworks",
					"$(inherited)",
				);
				INFOPLIST_FILE = tableTestTests/Info.plist;
				LD_RUNPATH_SEARCH_PATHS = "$(inherited) @executable_path/Frameworks @loader_path/Frameworks";
				PRODUCT_NAME = "$(TARGET_NAME)";
				TEST_HOST = "$(BUILT_PRODUCTS_DIR)/tableTest.app/tableTest";
			};
			name = Release;
		};
/* End XCBuildConfiguration section */

/* Begin XCConfigurationList section */
		F51B117A1AE89F4F001BB9E4 /* Build configuration list for PBXProject "tableTest" */ = {
			isa = XCConfigurationList;
			buildConfigurations = (
				F51B119C1AE89F50001BB9E4 /* Debug */,
				F51B119D1AE89F50001BB9E4 /* Release */,
			);
			defaultConfigurationIsVisible = 0;
			defaultConfigurationName = Release;
		};
		F51B119E1AE89F50001BB9E4 /* Build configuration list for PBXNativeTarget "tableTest" */ = {
			isa = XCConfigurationList;
			buildConfigurations = (
				F51B119F1AE89F50001BB9E4 /* Debug */,
				F51B11A01AE89F50001BB9E4 /* Release */,
			);
			defaultConfigurationIsVisible = 0;
		};
		F51B11A11AE89F50001BB9E4 /* Build configuration list for PBXNativeTarget "tableTestTests" */ = {
			isa = XCConfigurationList;
			buildConfigurations = (
				F51B11A21AE89F50001BB9E4 /* Debug */,
				F51B11A31AE89F50001BB9E4 /* Release */,
			);
			defaultConfigurationIsVisible = 0;
		};
/* End XCConfigurationList section */
	};
	rootObject = F51B11771AE89F4F001BB9E4 /* Project object */;
}
